
Microsoft Visual Studio Solution File, Format Version 12.00
# Visual Studio 15
VisualStudioVersion = 15.0.28010.2050
MinimumVisualStudioVersion = 10.0.40219.1
Project("{FAE04EC0-301F-11D3-BF4B-00C04F79EFBC}") = "eXpressionParsing", "eXpressionParsing\eXpressionParsing.csproj", "{6F52D82C-58BE-4D7F-AF50-0AD6D54DE270}"
EndProject
Global
	GlobalSection(SolutionConfigurationPlatforms) = preSolution
		Debug|Any CPU = Debug|Any CPU
		Release|Any CPU = Release|Any CPU
	EndGlobalSection
	GlobalSection(ProjectConfigurationPlatforms) = postSolution
		{6F52D82C-58BE-4D7F-AF50-0AD6D54DE270}.Debug|Any CPU.ActiveCfg = Debug|Any CPU
		{6F52D82C-58BE-4D7F-AF50-0AD6D54DE270}.Debug|Any CPU.Build.0 = Debug|Any CPU
		{6F52D82C-58BE-4D7F-AF50-0AD6D54DE270}.Release|Any CPU.ActiveCfg = Release|Any CPU
		{6F52D82C-58BE-4D7F-AF50-0AD6D54DE270}.Release|Any CPU.Build.0 = Release|Any CPU
	EndGlobalSection
	GlobalSection(SolutionProperties) = preSolution
		HideSolutionNode = FALSE
	EndGlobalSection
	GlobalSection(ExtensibilityGlobals) = postSolution
		SolutionGuid = {747F4EF4-14FD-4695-958A-BA8EBD7B8944}
	EndGlobalSection
EndGlobal
